schema: '2.0'
stages:
  prepare:
    cmd: python src/prepare.py
    deps:
    - path: data/raw
      md5: 392859941730af73895d057ac48ad939.dir
      size: 106557376
      nfiles: 13398
    - path: src/prepare.py
      md5: ef804f358e00edcfe52c865b471f8f55
      size: 1271
    outs:
    - path: data/prepared/test.csv
      md5: 634a28b648f87fa82d7f4e7665965cca
      size: 90428
    - path: data/prepared/train.csv
      md5: c5825174289513962dbd249f87e5bef2
      size: 223925
  train:
    cmd: python src/train.py
    deps:
    - path: data/prepared/train.csv
      md5: c5825174289513962dbd249f87e5bef2
      size: 223925
    - path: src/train.py
      md5: 8afd0b487365179d1b8bcca7e57a64cd
      size: 1371
    outs:
    - path: model/model.joblib
      md5: 7517dc7c7af81cb6c30818d708302a07
      size: 241076
  evaluate:
    cmd: python src/evaluate.py
    deps:
    - path: model/model.joblib
      md5: 7517dc7c7af81cb6c30818d708302a07
      size: 241076
    - path: src/evaluate.py
      md5: b197277667d6269271fff4ae4af8a941
      size: 668
    outs:
    - path: metrics/accuracy.json
      md5: cfc8def7633869645b9706add4114646
      size: 32
